
Microsoft Visual Studio Solution File, Format Version 11.00
# Visual Studio 2010
Project("{FAE04EC0-301F-11D3-BF4B-00C04F79EFBC}") = "SpaceSim", "SpaceSim\SpaceSim\SpaceSim.csproj", "{F25C4BB3-CEF7-46F9-AD9F-513B4A0C99B1}"
EndProject
Project("{FAE04EC0-301F-11D3-BF4B-00C04F79EFBC}") = "SpaceSimContent", "SpaceSim\SpaceSimContent\SpaceSimContent.contentproj", "{1C199763-248D-414F-A400-3077DC867A91}"
EndProject
Project("{FAE04EC0-301F-11D3-BF4B-00C04F79EFBC}") = "SpaceSimV2", "SpaceSimV2\SpaceSimV2\SpaceSimV2.csproj", "{1686B2B1-37B7-4416-9325-394B3A88657C}"
EndProject
Project("{FAE04EC0-301F-11D3-BF4B-00C04F79EFBC}") = "SpaceSimLibrary", "SpaceSimLibrary\SpaceSimLibrary.csproj", "{5F4B76D3-E1B0-43C3-91A8-E815C5E6B729}"
EndProject
Global
	GlobalSection(SolutionConfigurationPlatforms) = preSolution
		Debug|x86 = Debug|x86
		Release|x86 = Release|x86
	EndGlobalSection
	GlobalSection(ProjectConfigurationPlatforms) = postSolution
		{F25C4BB3-CEF7-46F9-AD9F-513B4A0C99B1}.Debug|x86.ActiveCfg = Debug|x86
		{F25C4BB3-CEF7-46F9-AD9F-513B4A0C99B1}.Debug|x86.Build.0 = Debug|x86
		{F25C4BB3-CEF7-46F9-AD9F-513B4A0C99B1}.Release|x86.ActiveCfg = Release|x86
		{F25C4BB3-CEF7-46F9-AD9F-513B4A0C99B1}.Release|x86.Build.0 = Release|x86
		{1C199763-248D-414F-A400-3077DC867A91}.Debug|x86.ActiveCfg = Debug|x86
		{1C199763-248D-414F-A400-3077DC867A91}.Release|x86.ActiveCfg = Release|x86
		{1686B2B1-37B7-4416-9325-394B3A88657C}.Debug|x86.ActiveCfg = Debug|x86
		{1686B2B1-37B7-4416-9325-394B3A88657C}.Debug|x86.Build.0 = Debug|x86
		{1686B2B1-37B7-4416-9325-394B3A88657C}.Release|x86.ActiveCfg = Release|x86
		{1686B2B1-37B7-4416-9325-394B3A88657C}.Release|x86.Build.0 = Release|x86
		{5F4B76D3-E1B0-43C3-91A8-E815C5E6B729}.Debug|x86.ActiveCfg = Debug|x86
		{5F4B76D3-E1B0-43C3-91A8-E815C5E6B729}.Debug|x86.Build.0 = Debug|x86
		{5F4B76D3-E1B0-43C3-91A8-E815C5E6B729}.Release|x86.ActiveCfg = Release|x86
		{5F4B76D3-E1B0-43C3-91A8-E815C5E6B729}.Release|x86.Build.0 = Release|x86
	EndGlobalSection
	GlobalSection(SolutionProperties) = preSolution
		HideSolutionNode = FALSE
	EndGlobalSection
EndGlobal
